
Microsoft Visual Studio Solution File, Format Version 12.00
# Visual Studio Version 16
VisualStudioVersion = 16.0.31313.79
MinimumVisualStudioVersion = 10.0.40219.1
Project("{FAE04EC0-301F-11D3-BF4B-00C04F79EFBC}") = "ElevenNote.WebMvc", "ElevenNote.WebMvc\ElevenNote.WebMvc.csproj", "{C491A427-FBF6-4553-AB36-2661DF4A3BE3}"
EndProject
Project("{FAE04EC0-301F-11D3-BF4B-00C04F79EFBC}") = "ElevenNote.Data", "ElevenNote.Data\ElevenNote.Data.csproj", "{E36A8C87-40FA-4318-8892-0A3F8657B524}"
EndProject
Project("{FAE04EC0-301F-11D3-BF4B-00C04F79EFBC}") = "ElevenNote.Models", "ElevenNote.Models\ElevenNote.Models.csproj", "{1136E66F-884E-445B-8584-105D786DCF0A}"
EndProject
Project("{FAE04EC0-301F-11D3-BF4B-00C04F79EFBC}") = "ElevenNote.Services", "ElevenNote.Services\ElevenNote.Services.csproj", "{B0EB1438-C212-43A4-9992-0FB9B3FFF701}"
EndProject
Global
	GlobalSection(SolutionConfigurationPlatforms) = preSolution
		Debug|Any CPU = Debug|Any CPU
		Release|Any CPU = Release|Any CPU
	EndGlobalSection
	GlobalSection(ProjectConfigurationPlatforms) = postSolution
		{C491A427-FBF6-4553-AB36-2661DF4A3BE3}.Debug|Any CPU.ActiveCfg = Debug|Any CPU
		{C491A427-FBF6-4553-AB36-2661DF4A3BE3}.Debug|Any CPU.Build.0 = Debug|Any CPU
		{C491A427-FBF6-4553-AB36-2661DF4A3BE3}.Release|Any CPU.ActiveCfg = Release|Any CPU
		{C491A427-FBF6-4553-AB36-2661DF4A3BE3}.Release|Any CPU.Build.0 = Release|Any CPU
		{E36A8C87-40FA-4318-8892-0A3F8657B524}.Debug|Any CPU.ActiveCfg = Debug|Any CPU
		{E36A8C87-40FA-4318-8892-0A3F8657B524}.Debug|Any CPU.Build.0 = Debug|Any CPU
		{E36A8C87-40FA-4318-8892-0A3F8657B524}.Release|Any CPU.ActiveCfg = Release|Any CPU
		{E36A8C87-40FA-4318-8892-0A3F8657B524}.Release|Any CPU.Build.0 = Release|Any CPU
		{1136E66F-884E-445B-8584-105D786DCF0A}.Debug|Any CPU.ActiveCfg = Debug|Any CPU
		{1136E66F-884E-445B-8584-105D786DCF0A}.Debug|Any CPU.Build.0 = Debug|Any CPU
		{1136E66F-884E-445B-8584-105D786DCF0A}.Release|Any CPU.ActiveCfg = Release|Any CPU
		{1136E66F-884E-445B-8584-105D786DCF0A}.Release|Any CPU.Build.0 = Release|Any CPU
		{B0EB1438-C212-43A4-9992-0FB9B3FFF701}.Debug|Any CPU.ActiveCfg = Debug|Any CPU
		{B0EB1438-C212-43A4-9992-0FB9B3FFF701}.Debug|Any CPU.Build.0 = Debug|Any CPU
		{B0EB1438-C212-43A4-9992-0FB9B3FFF701}.Release|Any CPU.ActiveCfg = Release|Any CPU
		{B0EB1438-C212-43A4-9992-0FB9B3FFF701}.Release|Any CPU.Build.0 = Release|Any CPU
	EndGlobalSection
	GlobalSection(SolutionProperties) = preSolution
		HideSolutionNode = FALSE
	EndGlobalSection
	GlobalSection(ExtensibilityGlobals) = postSolution
		SolutionGuid = {C36C20DF-0C60-43D6-82B9-9AAA30090FF4}
	EndGlobalSection
EndGlobal
